
Microsoft Visual Studio Solution File, Format Version 12.00
# Visual Studio Version 16
VisualStudioVersion = 16.0.31624.102
MinimumVisualStudioVersion = 10.0.40219.1
Project("{FAE04EC0-301F-11D3-BF4B-00C04F79EFBC}") = "DataMaskingApp", "DataMaskingApp\DataMaskingApp.csproj", "{04F4FF26-E6D8-416E-B861-F6B62F201C51}"
EndProject
Global
	GlobalSection(SolutionConfigurationPlatforms) = preSolution
		Debug|Any CPU = Debug|Any CPU
		Release|Any CPU = Release|Any CPU
	EndGlobalSection
	GlobalSection(ProjectConfigurationPlatforms) = postSolution
		{04F4FF26-E6D8-416E-B861-F6B62F201C51}.Debug|Any CPU.ActiveCfg = Debug|Any CPU
		{04F4FF26-E6D8-416E-B861-F6B62F201C51}.Debug|Any CPU.Build.0 = Debug|Any CPU
		{04F4FF26-E6D8-416E-B861-F6B62F201C51}.Release|Any CPU.ActiveCfg = Release|Any CPU
		{04F4FF26-E6D8-416E-B861-F6B62F201C51}.Release|Any CPU.Build.0 = Release|Any CPU
	EndGlobalSection
	GlobalSection(SolutionProperties) = preSolution
		HideSolutionNode = FALSE
	EndGlobalSection
	GlobalSection(ExtensibilityGlobals) = postSolution
		SolutionGuid = {5A911FC3-900B-4B05-8C41-7769DC672CDE}
	EndGlobalSection
EndGlobal
